
Microsoft Visual Studio Solution File, Format Version 12.00
# Visual Studio 15
VisualStudioVersion = 15.0.26730.16
MinimumVisualStudioVersion = 10.0.40219.1
Project("{8BC9CEB8-8B4A-11D0-8D11-00A0C91BC942}") = "Darts1", "Darts1\Darts1.vcxproj", "{676F3982-1B27-4686-92C9-D38C9A3F23F7}"
EndProject
Global
	GlobalSection(SolutionConfigurationPlatforms) = preSolution
		Debug|x64 = Debug|x64
		Debug|x86 = Debug|x86
		Release|x64 = Release|x64
		Release|x86 = Release|x86
	EndGlobalSection
	GlobalSection(ProjectConfigurationPlatforms) = postSolution
		{676F3982-1B27-4686-92C9-D38C9A3F23F7}.Debug|x64.ActiveCfg = Debug|x64
		{676F3982-1B27-4686-92C9-D38C9A3F23F7}.Debug|x64.Build.0 = Debug|x64
		{676F3982-1B27-4686-92C9-D38C9A3F23F7}.Debug|x86.ActiveCfg = Debug|Win32
		{676F3982-1B27-4686-92C9-D38C9A3F23F7}.Debug|x86.Build.0 = Debug|Win32
		{676F3982-1B27-4686-92C9-D38C9A3F23F7}.Release|x64.ActiveCfg = Release|x64
		{676F3982-1B27-4686-92C9-D38C9A3F23F7}.Release|x64.Build.0 = Release|x64
		{676F3982-1B27-4686-92C9-D38C9A3F23F7}.Release|x86.ActiveCfg = Release|Win32
		{676F3982-1B27-4686-92C9-D38C9A3F23F7}.Release|x86.Build.0 = Release|Win32
	EndGlobalSection
	GlobalSection(SolutionProperties) = preSolution
		HideSolutionNode = FALSE
	EndGlobalSection
	GlobalSection(ExtensibilityGlobals) = postSolution
		SolutionGuid = {3ABCE8ED-DA31-49A7-86A9-9B200541EED2}
	EndGlobalSection
EndGlobal
